
Microsoft Visual Studio Solution File, Format Version 12.00
# Visual Studio Version 17
VisualStudioVersion = 17.8.34601.278
MinimumVisualStudioVersion = 10.0.40219.1
Project("{FAE04EC0-301F-11D3-BF4B-00C04F79EFBC}") = "SportGamesAnalytics", "SportGamesAnalytics\SportGamesAnalytics.csproj", "{B47AA3FE-0EC9-4BB2-81B1-706A25A2E056}"
EndProject
Global
	GlobalSection(SolutionConfigurationPlatforms) = preSolution
		Debug|Any CPU = Debug|Any CPU
		Release|Any CPU = Release|Any CPU
	EndGlobalSection
	GlobalSection(ProjectConfigurationPlatforms) = postSolution
		{B47AA3FE-0EC9-4BB2-81B1-706A25A2E056}.Debug|Any CPU.ActiveCfg = Debug|Any CPU
		{B47AA3FE-0EC9-4BB2-81B1-706A25A2E056}.Debug|Any CPU.Build.0 = Debug|Any CPU
		{B47AA3FE-0EC9-4BB2-81B1-706A25A2E056}.Release|Any CPU.ActiveCfg = Release|Any CPU
		{B47AA3FE-0EC9-4BB2-81B1-706A25A2E056}.Release|Any CPU.Build.0 = Release|Any CPU
	EndGlobalSection
	GlobalSection(SolutionProperties) = preSolution
		HideSolutionNode = FALSE
	EndGlobalSection
	GlobalSection(ExtensibilityGlobals) = postSolution
		SolutionGuid = {72090BF7-8867-4D62-A821-9B8B01170005}
	EndGlobalSection
EndGlobal
